
Microsoft Visual Studio Solution File, Format Version 12.00
# Visual Studio Version 16
VisualStudioVersion = 16.0.30309.148
MinimumVisualStudioVersion = 10.0.40219.1
Project("{FAE04EC0-301F-11D3-BF4B-00C04F79EFBC}") = "ASM", "ASM\ASM.csproj", "{EA985247-FA50-48E9-B0A7-978DCB6092E7}"
EndProject
Global
	GlobalSection(SolutionConfigurationPlatforms) = preSolution
		Debug|Any CPU = Debug|Any CPU
		Release|Any CPU = Release|Any CPU
	EndGlobalSection
	GlobalSection(ProjectConfigurationPlatforms) = postSolution
		{EA985247-FA50-48E9-B0A7-978DCB6092E7}.Debug|Any CPU.ActiveCfg = Debug|Any CPU
		{EA985247-FA50-48E9-B0A7-978DCB6092E7}.Debug|Any CPU.Build.0 = Debug|Any CPU
		{EA985247-FA50-48E9-B0A7-978DCB6092E7}.Release|Any CPU.ActiveCfg = Release|Any CPU
		{EA985247-FA50-48E9-B0A7-978DCB6092E7}.Release|Any CPU.Build.0 = Release|Any CPU
	EndGlobalSection
	GlobalSection(SolutionProperties) = preSolution
		HideSolutionNode = FALSE
	EndGlobalSection
	GlobalSection(ExtensibilityGlobals) = postSolution
		SolutionGuid = {4F9D0AF4-C773-46C1-B1C7-4956DEB2A5F3}
	EndGlobalSection
EndGlobal
